
Microsoft Visual Studio Solution File, Format Version 12.00
# Visual Studio Version 16
VisualStudioVersion = 16.6.30114.105
MinimumVisualStudioVersion = 10.0.40219.1
Project("{2150E333-8FDC-42A3-9474-1A3956D46DE8}") = "src", "src", "{084D3FFC-0EDF-4DE2-80AF-D2D329AF13C0}"
EndProject
Project("{2150E333-8FDC-42A3-9474-1A3956D46DE8}") = "Services", "Services", "{8AF099D8-F746-4C2F-AC6E-63065A881FF2}"
EndProject
Project("{2150E333-8FDC-42A3-9474-1A3956D46DE8}") = "BuildingBlocks", "BuildingBlocks", "{773AB4D8-DDA9-4C05-82E3-298137D8D052}"
EndProject
Project("{2150E333-8FDC-42A3-9474-1A3956D46DE8}") = "EventBus", "EventBus", "{72B9ABDD-8A45-45DF-8357-DEA7F8B0FF04}"
EndProject
Project("{2150E333-8FDC-42A3-9474-1A3956D46DE8}") = "tests", "tests", "{144B51BB-6418-499F-962A-B12DCF2A21D4}"
EndProject
Project("{9A19103F-16F7-4668-BE54-9A1E7A4F7556}") = "EventBus", "BuildingBlocks\EventBus\EventBus\EventBus.csproj", "{ED5ED443-CCF4-496D-A346-0BF36C605FF2}"
EndProject
Project("{9A19103F-16F7-4668-BE54-9A1E7A4F7556}") = "EventBus.Tests", "BuildingBlocks\EventBus\EventBus.Tests\EventBus.Tests.csproj", "{5E223E1F-F98F-4B02-A138-6D1FDB1A11B0}"
EndProject
Project("{9A19103F-16F7-4668-BE54-9A1E7A4F7556}") = "EventBusRabbitMQ", "BuildingBlocks\EventBus\EventBusRabbitMQ\EventBusRabbitMQ.csproj", "{B459ECD8-6F12-4B5D-BF09-273C5BA76583}"
EndProject
Project("{9A19103F-16F7-4668-BE54-9A1E7A4F7556}") = "EventBusServiceBus", "BuildingBlocks\EventBus\EventBusServiceBus\EventBusServiceBus.csproj", "{7BBE8FC7-CE30-470C-99CA-82C110D1B3F0}"
EndProject
Project("{9A19103F-16F7-4668-BE54-9A1E7A4F7556}") = "IntegrationEventLogEF", "BuildingBlocks\EventBus\IntegrationEventLogEF\IntegrationEventLogEF.csproj", "{8E7A6ECD-509C-49B9-BBDA-06C63A0096F4}"
EndProject
Project("{2150E333-8FDC-42A3-9474-1A3956D46DE8}") = "Web", "Web", "{F41CFDD4-0C10-45EA-8145-095B02129823}"
EndProject
Project("{9A19103F-16F7-4668-BE54-9A1E7A4F7556}") = "WebMVC", "Web\WebMVC\WebMVC.csproj", "{0428140F-E7D3-4BCD-9F40-70333E6026E3}"
EndProject
Project("{2150E333-8FDC-42A3-9474-1A3956D46DE8}") = "Devspaces.Support", "Devspaces.Support", "{D79DB5A1-2097-4442-B9C9-52F69EA5EBCE}"
EndProject
Project("{9A19103F-16F7-4668-BE54-9A1E7A4F7556}") = "Devspaces.Support", "BuildingBlocks\Devspaces.Support\Devspaces.Support.csproj", "{3626003D-8524-4CEE-947D-DE5008C864D4}"
EndProject
Project("{E53339B2-1760-4266-BCC7-CA923CBCF16C}") = "docker-compose", "docker-compose.dcproj", "{1085709C-3DB7-46D6-B487-EEEE2409EB28}"
EndProject
Project("{2150E333-8FDC-42A3-9474-1A3956D46DE8}") = "WebHost", "WebHost", "{7341D8F9-2F43-4410-BC83-8880454F2ED0}"
EndProject
Project("{9A19103F-16F7-4668-BE54-9A1E7A4F7556}") = "WebHost.Customization", "BuildingBlocks\WebHostCustomization\WebHost.Customization\WebHost.Customization.csproj", "{B595462B-8B80-4D99-9E1F-D92B3CA5E2C8}"
EndProject
Project("{9A19103F-16F7-4668-BE54-9A1E7A4F7556}") = "Identity.API", "Services\Identity\Identity.API\Identity.API.csproj", "{5205C91E-92DE-48C1-B9FD-507EC68F0166}"
EndProject
Project("{9A19103F-16F7-4668-BE54-9A1E7A4F7556}") = "WebStatus", "Web\WebStatus\WebStatus.csproj", "{C0302E31-3505-47AB-BA72-4FE2D61F44DB}"
EndProject
Project("{2150E333-8FDC-42A3-9474-1A3956D46DE8}") = "Indentity", "Indentity", "{881DF194-ABC7-47F3-A37C-470354929068}"
EndProject
Global
	GlobalSection(SolutionConfigurationPlatforms) = preSolution
		Debug|Any CPU = Debug|Any CPU
		Release|Any CPU = Release|Any CPU
	EndGlobalSection
	GlobalSection(ProjectConfigurationPlatforms) = postSolution
		{ED5ED443-CCF4-496D-A346-0BF36C605FF2}.Debug|Any CPU.ActiveCfg = Debug|Any CPU
		{ED5ED443-CCF4-496D-A346-0BF36C605FF2}.Debug|Any CPU.Build.0 = Debug|Any CPU
		{ED5ED443-CCF4-496D-A346-0BF36C605FF2}.Release|Any CPU.ActiveCfg = Release|Any CPU
		{ED5ED443-CCF4-496D-A346-0BF36C605FF2}.Release|Any CPU.Build.0 = Release|Any CPU
		{5E223E1F-F98F-4B02-A138-6D1FDB1A11B0}.Debug|Any CPU.ActiveCfg = Debug|Any CPU
		{5E223E1F-F98F-4B02-A138-6D1FDB1A11B0}.Debug|Any CPU.Build.0 = Debug|Any CPU
		{5E223E1F-F98F-4B02-A138-6D1FDB1A11B0}.Release|Any CPU.ActiveCfg = Release|Any CPU
		{5E223E1F-F98F-4B02-A138-6D1FDB1A11B0}.Release|Any CPU.Build.0 = Release|Any CPU
		{B459ECD8-6F12-4B5D-BF09-273C5BA76583}.Debug|Any CPU.ActiveCfg = Debug|Any CPU
		{B459ECD8-6F12-4B5D-BF09-273C5BA76583}.Debug|Any CPU.Build.0 = Debug|Any CPU
		{B459ECD8-6F12-4B5D-BF09-273C5BA76583}.Release|Any CPU.ActiveCfg = Release|Any CPU
		{B459ECD8-6F12-4B5D-BF09-273C5BA76583}.Release|Any CPU.Build.0 = Release|Any CPU
		{7BBE8FC7-CE30-470C-99CA-82C110D1B3F0}.Debug|Any CPU.ActiveCfg = Debug|Any CPU
		{7BBE8FC7-CE30-470C-99CA-82C110D1B3F0}.Debug|Any CPU.Build.0 = Debug|Any CPU
		{7BBE8FC7-CE30-470C-99CA-82C110D1B3F0}.Release|Any CPU.ActiveCfg = Release|Any CPU
		{7BBE8FC7-CE30-470C-99CA-82C110D1B3F0}.Release|Any CPU.Build.0 = Release|Any CPU
		{8E7A6ECD-509C-49B9-BBDA-06C63A0096F4}.Debug|Any CPU.ActiveCfg = Debug|Any CPU
		{8E7A6ECD-509C-49B9-BBDA-06C63A0096F4}.Debug|Any CPU.Build.0 = Debug|Any CPU
		{8E7A6ECD-509C-49B9-BBDA-06C63A0096F4}.Release|Any CPU.ActiveCfg = Release|Any CPU
		{8E7A6ECD-509C-49B9-BBDA-06C63A0096F4}.Release|Any CPU.Build.0 = Release|Any CPU
		{0428140F-E7D3-4BCD-9F40-70333E6026E3}.Debug|Any CPU.ActiveCfg = Debug|Any CPU
		{0428140F-E7D3-4BCD-9F40-70333E6026E3}.Debug|Any CPU.Build.0 = Debug|Any CPU
		{0428140F-E7D3-4BCD-9F40-70333E6026E3}.Release|Any CPU.ActiveCfg = Release|Any CPU
		{0428140F-E7D3-4BCD-9F40-70333E6026E3}.Release|Any CPU.Build.0 = Release|Any CPU
		{3626003D-8524-4CEE-947D-DE5008C864D4}.Debug|Any CPU.ActiveCfg = Debug|Any CPU
		{3626003D-8524-4CEE-947D-DE5008C864D4}.Debug|Any CPU.Build.0 = Debug|Any CPU
		{3626003D-8524-4CEE-947D-DE5008C864D4}.Release|Any CPU.ActiveCfg = Release|Any CPU
		{3626003D-8524-4CEE-947D-DE5008C864D4}.Release|Any CPU.Build.0 = Release|Any CPU
		{1085709C-3DB7-46D6-B487-EEEE2409EB28}.Debug|Any CPU.ActiveCfg = Debug|Any CPU
		{1085709C-3DB7-46D6-B487-EEEE2409EB28}.Debug|Any CPU.Build.0 = Debug|Any CPU
		{1085709C-3DB7-46D6-B487-EEEE2409EB28}.Release|Any CPU.ActiveCfg = Release|Any CPU
		{1085709C-3DB7-46D6-B487-EEEE2409EB28}.Release|Any CPU.Build.0 = Release|Any CPU
		{B595462B-8B80-4D99-9E1F-D92B3CA5E2C8}.Debug|Any CPU.ActiveCfg = Debug|Any CPU
		{B595462B-8B80-4D99-9E1F-D92B3CA5E2C8}.Debug|Any CPU.Build.0 = Debug|Any CPU
		{B595462B-8B80-4D99-9E1F-D92B3CA5E2C8}.Release|Any CPU.ActiveCfg = Release|Any CPU
		{B595462B-8B80-4D99-9E1F-D92B3CA5E2C8}.Release|Any CPU.Build.0 = Release|Any CPU
		{5205C91E-92DE-48C1-B9FD-507EC68F0166}.Debug|Any CPU.ActiveCfg = Debug|Any CPU
		{5205C91E-92DE-48C1-B9FD-507EC68F0166}.Debug|Any CPU.Build.0 = Debug|Any CPU
		{5205C91E-92DE-48C1-B9FD-507EC68F0166}.Release|Any CPU.ActiveCfg = Release|Any CPU
		{5205C91E-92DE-48C1-B9FD-507EC68F0166}.Release|Any CPU.Build.0 = Release|Any CPU
		{C0302E31-3505-47AB-BA72-4FE2D61F44DB}.Debug|Any CPU.ActiveCfg = Debug|Any CPU
		{C0302E31-3505-47AB-BA72-4FE2D61F44DB}.Debug|Any CPU.Build.0 = Debug|Any CPU
		{C0302E31-3505-47AB-BA72-4FE2D61F44DB}.Release|Any CPU.ActiveCfg = Release|Any CPU
		{C0302E31-3505-47AB-BA72-4FE2D61F44DB}.Release|Any CPU.Build.0 = Release|Any CPU
	EndGlobalSection
	GlobalSection(SolutionProperties) = preSolution
		HideSolutionNode = FALSE
	EndGlobalSection
	GlobalSection(NestedProjects) = preSolution
		{8AF099D8-F746-4C2F-AC6E-63065A881FF2} = {084D3FFC-0EDF-4DE2-80AF-D2D329AF13C0}
		{773AB4D8-DDA9-4C05-82E3-298137D8D052} = {084D3FFC-0EDF-4DE2-80AF-D2D329AF13C0}
		{72B9ABDD-8A45-45DF-8357-DEA7F8B0FF04} = {773AB4D8-DDA9-4C05-82E3-298137D8D052}
		{144B51BB-6418-499F-962A-B12DCF2A21D4} = {72B9ABDD-8A45-45DF-8357-DEA7F8B0FF04}
		{ED5ED443-CCF4-496D-A346-0BF36C605FF2} = {72B9ABDD-8A45-45DF-8357-DEA7F8B0FF04}
		{5E223E1F-F98F-4B02-A138-6D1FDB1A11B0} = {144B51BB-6418-499F-962A-B12DCF2A21D4}
		{B459ECD8-6F12-4B5D-BF09-273C5BA76583} = {72B9ABDD-8A45-45DF-8357-DEA7F8B0FF04}
		{7BBE8FC7-CE30-470C-99CA-82C110D1B3F0} = {72B9ABDD-8A45-45DF-8357-DEA7F8B0FF04}
		{8E7A6ECD-509C-49B9-BBDA-06C63A0096F4} = {72B9ABDD-8A45-45DF-8357-DEA7F8B0FF04}
		{F41CFDD4-0C10-45EA-8145-095B02129823} = {084D3FFC-0EDF-4DE2-80AF-D2D329AF13C0}
		{0428140F-E7D3-4BCD-9F40-70333E6026E3} = {F41CFDD4-0C10-45EA-8145-095B02129823}
		{D79DB5A1-2097-4442-B9C9-52F69EA5EBCE} = {773AB4D8-DDA9-4C05-82E3-298137D8D052}
		{3626003D-8524-4CEE-947D-DE5008C864D4} = {D79DB5A1-2097-4442-B9C9-52F69EA5EBCE}
		{7341D8F9-2F43-4410-BC83-8880454F2ED0} = {773AB4D8-DDA9-4C05-82E3-298137D8D052}
		{B595462B-8B80-4D99-9E1F-D92B3CA5E2C8} = {7341D8F9-2F43-4410-BC83-8880454F2ED0}
		{5205C91E-92DE-48C1-B9FD-507EC68F0166} = {881DF194-ABC7-47F3-A37C-470354929068}
		{C0302E31-3505-47AB-BA72-4FE2D61F44DB} = {F41CFDD4-0C10-45EA-8145-095B02129823}
		{881DF194-ABC7-47F3-A37C-470354929068} = {8AF099D8-F746-4C2F-AC6E-63065A881FF2}
	EndGlobalSection
	GlobalSection(ExtensibilityGlobals) = postSolution
		SolutionGuid = {DE1DD087-C2CF-4BFF-AE47-1FD9D457661A}
	EndGlobalSection
EndGlobal
